// !$*UTF8*$!
{
	archiveVersion = 1;
	classes = {
	};
	objectVersion = 77;
	objects = {

/* Begin PBXBuildFile section */
		BEDA632B2D662A5900E3109D /* AppDelegate.swift in Sources */ = {isa = PBXBuildFile; fileRef = BEDA630F2D662A5900E3109D /* AppDelegate.swift */; };
		BEDA632C2D662A5900E3109D /* SceneDelegate.swift in Sources */ = {isa = PBXBuildFile; fileRef = BEDA63102D662A5900E3109D /* SceneDelegate.swift */; };
		BEDA632D2D662A5900E3109D /* AudioManager.swift in Sources */ = {isa = PBXBuildFile; fileRef = BEDA63122D662A5900E3109D /* AudioManager.swift */; };
		BEDA632E2D662A5900E3109D /* PlayerController.swift in Sources */ = {isa = PBXBuildFile; fileRef = BEDA63142D662A5900E3109D /* PlayerController.swift */; };
		BEDA632F2D662A5900E3109D /* ViewController.swift in Sources */ = {isa = PBXBuildFile; fileRef = BEDA63152D662A5900E3109D /* ViewController.swift */; };
		BEDA63302D662A5900E3109D /* songInfo.swift in Sources */ = {isa = PBXBuildFile; fileRef = BEDA63172D662A5900E3109D /* songInfo.swift */; };
		BEDA63312D662A5900E3109D /* MusicListCell.swift in Sources */ = {isa = PBXBuildFile; fileRef = BEDA63222D662A5900E3109D /* MusicListCell.swift */; };
		BEDA63322D662A5900E3109D /* Music_Player.xcdatamodeld in Sources */ = {isa = PBXBuildFile; fileRef = BEDA63282D662A5900E3109D /* Music_Player.xcdatamodeld */; };
		BEDA63332D662A5900E3109D /* Dil_Ibaadat.mp3 in Resources */ = {isa = PBXBuildFile; fileRef = BEDA63192D662A5900E3109D /* Dil_Ibaadat.mp3 */; };
		BEDA63342D662A5900E3109D /* Jeena_Sikha_De.mp3 in Resources */ = {isa = PBXBuildFile; fileRef = BEDA631A2D662A5900E3109D /* Jeena_Sikha_De.mp3 */; };
		BEDA63352D662A5900E3109D /* Let_Her_Go_X_Husn_Mashup.mp3 in Resources */ = {isa = PBXBuildFile; fileRef = BEDA631B2D662A5900E3109D /* Let_Her_Go_X_Husn_Mashup.mp3 */; };
		BEDA63362D662A5900E3109D /* Luis_Fonsi_Despacito.mp3 in Resources */ = {isa = PBXBuildFile; fileRef = BEDA631C2D662A5900E3109D /* Luis_Fonsi_Despacito.mp3 */; };
		BEDA63372D662A5900E3109D /* Assets.xcassets in Resources */ = {isa = PBXBuildFile; fileRef = BEDA631E2D662A5900E3109D /* Assets.xcassets */; };
		BEDA63382D662A5900E3109D /* Main.storyboard in Resources */ = {isa = PBXBuildFile; fileRef = BEDA63202D662A5900E3109D /* Main.storyboard */; };
		BEDA63392D662A5900E3109D /* MusicListCell.xib in Resources */ = {isa = PBXBuildFile; fileRef = BEDA63232D662A5900E3109D /* MusicListCell.xib */; };
		BEDA633B2D662A5900E3109D /* LaunchScreen.storyboard in Resources */ = {isa = PBXBuildFile; fileRef = BEDA63272D662A5900E3109D /* LaunchScreen.storyboard */; };
/* End PBXBuildFile section */

/* Begin PBXContainerItemProxy section */
		BEFA841F2CBD573100AE301E /* PBXContainerItemProxy */ = {
			isa = PBXContainerItemProxy;
			containerPortal = BEFA83FD2CBD572F00AE301E /* Project object */;
			proxyType = 1;
			remoteGlobalIDString = BEFA84042CBD572F00AE301E;
			remoteInfo = Music_Player;
		};
		BEFA84292CBD573100AE301E /* PBXContainerItemProxy */ = {
			isa = PBXContainerItemProxy;
			containerPortal = BEFA83FD2CBD572F00AE301E /* Project object */;
			proxyType = 1;
			remoteGlobalIDString = BEFA84042CBD572F00AE301E;
			remoteInfo = Music_Player;
		};
/* End PBXContainerItemProxy section */

/* Begin PBXFileReference section */
		BEDA630F2D662A5900E3109D /* AppDelegate.swift */ = {isa = PBXFileReference; lastKnownFileType = sourcecode.swift; path = AppDelegate.swift; sourceTree = "<group>"; };
		BEDA63102D662A5900E3109D /* SceneDelegate.swift */ = {isa = PBXFileReference; lastKnownFileType = sourcecode.swift; path = SceneDelegate.swift; sourceTree = "<group>"; };
		BEDA63122D662A5900E3109D /* AudioManager.swift */ = {isa = PBXFileReference; lastKnownFileType = sourcecode.swift; path = AudioManager.swift; sourceTree = "<group>"; };
		BEDA63142D662A5900E3109D /* PlayerController.swift */ = {isa = PBXFileReference; lastKnownFileType = sourcecode.swift; path = PlayerController.swift; sourceTree = "<group>"; };
		BEDA63152D662A5900E3109D /* ViewController.swift */ = {isa = PBXFileReference; lastKnownFileType = sourcecode.swift; path = ViewController.swift; sourceTree = "<group>"; };
		BEDA63172D662A5900E3109D /* songInfo.swift */ = {isa = PBXFileReference; lastKnownFileType = sourcecode.swift; path = songInfo.swift; sourceTree = "<group>"; };
		BEDA63192D662A5900E3109D /* Dil_Ibaadat.mp3 */ = {isa = PBXFileReference; lastKnownFileType = audio.mp3; path = Dil_Ibaadat.mp3; sourceTree = "<group>"; };
		BEDA631A2D662A5900E3109D /* Jeena_Sikha_De.mp3 */ = {isa = PBXFileReference; lastKnownFileType = audio.mp3; path = Jeena_Sikha_De.mp3; sourceTree = "<group>"; };
		BEDA631B2D662A5900E3109D /* Let_Her_Go_X_Husn_Mashup.mp3 */ = {isa = PBXFileReference; lastKnownFileType = audio.mp3; path = Let_Her_Go_X_Husn_Mashup.mp3; sourceTree = "<group>"; };
		BEDA631C2D662A5900E3109D /* Luis_Fonsi_Despacito.mp3 */ = {isa = PBXFileReference; lastKnownFileType = audio.mp3; path = Luis_Fonsi_Despacito.mp3; sourceTree = "<group>"; };
		BEDA631E2D662A5900E3109D /* Assets.xcassets */ = {isa = PBXFileReference; lastKnownFileType = folder.assetcatalog; path = Assets.xcassets; sourceTree = "<group>"; };
		BEDA631F2D662A5900E3109D /* Base */ = {isa = PBXFileReference; lastKnownFileType = file.storyboard; name = Base; path = Base.lproj/Main.storyboard; sourceTree = "<group>"; };
		BEDA63222D662A5900E3109D /* MusicListCell.swift */ = {isa = PBXFileReference; lastKnownFileType = sourcecode.swift; path = MusicListCell.swift; sourceTree = "<group>"; };
		BEDA63232D662A5900E3109D /* MusicListCell.xib */ = {isa = PBXFileReference; lastKnownFileType = file.xib; path = MusicListCell.xib; sourceTree = "<group>"; };
		BEDA63252D662A5900E3109D /* Info.plist */ = {isa = PBXFileReference; lastKnownFileType = text.plist.xml; path = Info.plist; sourceTree = "<group>"; };
		BEDA63262D662A5900E3109D /* Base */ = {isa = PBXFileReference; lastKnownFileType = file.storyboard; name = Base; path = Base.lproj/LaunchScreen.storyboard; sourceTree = "<group>"; };
		BEDA632A2D662A5900E3109D /* Music_Player.xcdatamodel */ = {isa = PBXFileReference; lastKnownFileType = wrapper.xcdatamodel; path = Music_Player.xcdatamodel; sourceTree = "<group>"; };
		BEFA84052CBD572F00AE301E /* Music_Player.app */ = {isa = PBXFileReference; explicitFileType = wrapper.application; includeInIndex = 0; path = Music_Player.app; sourceTree = BUILT_PRODUCTS_DIR; };
		BEFA841E2CBD573100AE301E /* Music_PlayerTests.xctest */ = {isa = PBXFileReference; explicitFileType = wrapper.cfbundle; includeInIndex = 0; path = Music_PlayerTests.xctest; sourceTree = BUILT_PRODUCTS_DIR; };
		BEFA84282CBD573100AE301E /* Music_PlayerUITests.xctest */ = {isa = PBXFileReference; explicitFileType = wrapper.cfbundle; includeInIndex = 0; path = Music_PlayerUITests.xctest; sourceTree = BUILT_PRODUCTS_DIR; };
/* End PBXFileReference section */

/* Begin PBXFileSystemSynchronizedRootGroup section */
		BEFA84212CBD573100AE301E /* Music_PlayerTests */ = {
			isa = PBXFileSystemSynchronizedRootGroup;
			path = Music_PlayerTests;
			sourceTree = "<group>";
		};
		BEFA842B2CBD573100AE301E /* Music_PlayerUITests */ = {
			isa = PBXFileSystemSynchronizedRootGroup;
			path = Music_PlayerUITests;
			sourceTree = "<group>";
		};
/* End PBXFileSystemSynchronizedRootGroup section */

/* Begin PBXFrameworksBuildPhase section */
		BEFA84022CBD572F00AE301E /* Frameworks */ = {
			isa = PBXFrameworksBuildPhase;
			buildActionMask = 2147483647;
			files = (
			);
			runOnlyForDeploymentPostprocessing = 0;
		};
		BEFA841B2CBD573100AE301E /* Frameworks */ = {
			isa = PBXFrameworksBuildPhase;
			buildActionMask = 2147483647;
			files = (
			);
			runOnlyForDeploymentPostprocessing = 0;
		};
		BEFA84252CBD573100AE301E /* Frameworks */ = {
			isa = PBXFrameworksBuildPhase;
			buildActionMask = 2147483647;
			files = (
			);
			runOnlyForDeploymentPostprocessing = 0;
		};
/* End PBXFrameworksBuildPhase section */

/* Begin PBXGroup section */
		BEDA63112D662A5900E3109D /* Applications */ = {
			isa = PBXGroup;
			children = (
				BEDA630F2D662A5900E3109D /* AppDelegate.swift */,
				BEDA63102D662A5900E3109D /* SceneDelegate.swift */,
			);
			path = Applications;
			sourceTree = "<group>";
		};
		BEDA63132D662A5900E3109D /* AudioManager */ = {
			isa = PBXGroup;
			children = (
				BEDA63122D662A5900E3109D /* AudioManager.swift */,
			);
			path = AudioManager;
			sourceTree = "<group>";
		};
		BEDA63162D662A5900E3109D /* Controller */ = {
			isa = PBXGroup;
			children = (
				BEDA63142D662A5900E3109D /* PlayerController.swift */,
				BEDA63152D662A5900E3109D /* ViewController.swift */,
			);
			path = Controller;
			sourceTree = "<group>";
		};
		BEDA63182D662A5900E3109D /* Model */ = {
			isa = PBXGroup;
			children = (
				BEDA63172D662A5900E3109D /* songInfo.swift */,
			);
			path = Model;
			sourceTree = "<group>";
		};
		BEDA631D2D662A5900E3109D /* Music Files */ = {
			isa = PBXGroup;
			children = (
				BEDA63192D662A5900E3109D /* Dil_Ibaadat.mp3 */,
				BEDA631A2D662A5900E3109D /* Jeena_Sikha_De.mp3 */,
				BEDA631B2D662A5900E3109D /* Let_Her_Go_X_Husn_Mashup.mp3 */,
				BEDA631C2D662A5900E3109D /* Luis_Fonsi_Despacito.mp3 */,
			);
			path = "Music Files";
			sourceTree = "<group>";
		};
		BEDA63212D662A5900E3109D /* Storyboard */ = {
			isa = PBXGroup;
			children = (
				BEDA631E2D662A5900E3109D /* Assets.xcassets */,
				BEDA63202D662A5900E3109D /* Main.storyboard */,
			);
			path = Storyboard;
			sourceTree = "<group>";
		};
		BEDA63242D662A5900E3109D /* View */ = {
			isa = PBXGroup;
			children = (
				BEDA63222D662A5900E3109D /* MusicListCell.swift */,
				BEDA63232D662A5900E3109D /* MusicListCell.xib */,
			);
			path = View;
			sourceTree = "<group>";
		};
		BEDA63292D662A5900E3109D /* Music_Player */ = {
			isa = PBXGroup;
			children = (
				BEDA63112D662A5900E3109D /* Applications */,
				BEDA63132D662A5900E3109D /* AudioManager */,
				BEDA63162D662A5900E3109D /* Controller */,
				BEDA63182D662A5900E3109D /* Model */,
				BEDA631D2D662A5900E3109D /* Music Files */,
				BEDA63212D662A5900E3109D /* Storyboard */,
				BEDA63242D662A5900E3109D /* View */,
				BEDA63252D662A5900E3109D /* Info.plist */,
				BEDA63272D662A5900E3109D /* LaunchScreen.storyboard */,
				BEDA63282D662A5900E3109D /* Music_Player.xcdatamodeld */,
			);
			path = Music_Player;
			sourceTree = "<group>";
		};
		BEFA83FC2CBD572F00AE301E = {
			isa = PBXGroup;
			children = (
				BEDA63292D662A5900E3109D /* Music_Player */,
				BEFA84212CBD573100AE301E /* Music_PlayerTests */,
				BEFA842B2CBD573100AE301E /* Music_PlayerUITests */,
				BEFA84062CBD572F00AE301E /* Products */,
			);
			sourceTree = "<group>";
		};
		BEFA84062CBD572F00AE301E /* Products */ = {
			isa = PBXGroup;
			children = (
				BEFA84052CBD572F00AE301E /* Music_Player.app */,
				BEFA841E2CBD573100AE301E /* Music_PlayerTests.xctest */,
				BEFA84282CBD573100AE301E /* Music_PlayerUITests.xctest */,
			);
			name = Products;
			sourceTree = "<group>";
		};
/* End PBXGroup section */

/* Begin PBXNativeTarget section */
		BEFA84042CBD572F00AE301E /* Music_Player */ = {
			isa = PBXNativeTarget;
			buildConfigurationList = BEFA84312CBD573100AE301E /* Build configuration list for PBXNativeTarget "Music_Player" */;
			buildPhases = (
				BEFA84012CBD572F00AE301E /* Sources */,
				BEFA84022CBD572F00AE301E /* Frameworks */,
				BEFA84032CBD572F00AE301E /* Resources */,
			);
			buildRules = (
			);
			dependencies = (
			);
			name = Music_Player;
			packageProductDependencies = (
			);
			productName = Music_Player;
			productReference = BEFA84052CBD572F00AE301E /* Music_Player.app */;
			productType = "com.apple.product-type.application";
		};
		BEFA841D2CBD573100AE301E /* Music_PlayerTests */ = {
			isa = PBXNativeTarget;
			buildConfigurationList = BEFA84362CBD573100AE301E /* Build configuration list for PBXNativeTarget "Music_PlayerTests" */;
			buildPhases = (
				BEFA841A2CBD573100AE301E /* Sources */,
				BEFA841B2CBD573100AE301E /* Frameworks */,
				BEFA841C2CBD573100AE301E /* Resources */,
			);
			buildRules = (
			);
			dependencies = (
				BEFA84202CBD573100AE301E /* PBXTargetDependency */,
			);
			fileSystemSynchronizedGroups = (
				BEFA84212CBD573100AE301E /* Music_PlayerTests */,
			);
			name = Music_PlayerTests;
			packageProductDependencies = (
			);
			productName = Music_PlayerTests;
			productReference = BEFA841E2CBD573100AE301E /* Music_PlayerTests.xctest */;
			productType = "com.apple.product-type.bundle.unit-test";
		};
		BEFA84272CBD573100AE301E /* Music_PlayerUITests */ = {
			isa = PBXNativeTarget;
			buildConfigurationList = BEFA84392CBD573100AE301E /* Build configuration list for PBXNativeTarget "Music_PlayerUITests" */;
			buildPhases = (
				BEFA84242CBD573100AE301E /* Sources */,
				BEFA84252CBD573100AE301E /* Frameworks */,
				BEFA84262CBD573100AE301E /* Resources */,
			);
			buildRules = (
			);
			dependencies = (
				BEFA842A2CBD573100AE301E /* PBXTargetDependency */,
			);
			fileSystemSynchronizedGroups = (
				BEFA842B2CBD573100AE301E /* Music_PlayerUITests */,
			);
			name = Music_PlayerUITests;
			packageProductDependencies = (
			);
			productName = Music_PlayerUITests;
			productReference = BEFA84282CBD573100AE301E /* Music_PlayerUITests.xctest */;
			productType = "com.apple.product-type.bundle.ui-testing";
		};
/* End PBXNativeTarget section */

/* Begin PBXProject section */
		BEFA83FD2CBD572F00AE301E /* Project object */ = {
			isa = PBXProject;
			attributes = {
				BuildIndependentTargetsInParallel = 1;
				LastSwiftUpdateCheck = 1600;
				LastUpgradeCheck = 1600;
				TargetAttributes = {
					BEFA84042CBD572F00AE301E = {
						CreatedOnToolsVersion = 16.0;
					};
					BEFA841D2CBD573100AE301E = {
						CreatedOnToolsVersion = 16.0;
						TestTargetID = BEFA84042CBD572F00AE301E;
					};
					BEFA84272CBD573100AE301E = {
						CreatedOnToolsVersion = 16.0;
						TestTargetID = BEFA84042CBD572F00AE301E;
					};
				};
			};
			buildConfigurationList = BEFA84002CBD572F00AE301E /* Build configuration list for PBXProject "Music_Player" */;
			developmentRegion = en;
			hasScannedForEncodings = 0;
			knownRegions = (
				en,
				Base,
			);
			mainGroup = BEFA83FC2CBD572F00AE301E;
			minimizedProjectReferenceProxies = 1;
			preferredProjectObjectVersion = 77;
			productRefGroup = BEFA84062CBD572F00AE301E /* Products */;
			projectDirPath = "";
			projectRoot = "";
			targets = (
				BEFA84042CBD572F00AE301E /* Music_Player */,
				BEFA841D2CBD573100AE301E /* Music_PlayerTests */,
				BEFA84272CBD573100AE301E /* Music_PlayerUITests */,
			);
		};
/* End PBXProject section */

/* Begin PBXResourcesBuildPhase section */
		BEFA84032CBD572F00AE301E /* Resources */ = {
			isa = PBXResourcesBuildPhase;
			buildActionMask = 2147483647;
			files = (
				BEDA63332D662A5900E3109D /* Dil_Ibaadat.mp3 in Resources */,
				BEDA63342D662A5900E3109D /* Jeena_Sikha_De.mp3 in Resources */,
				BEDA63352D662A5900E3109D /* Let_Her_Go_X_Husn_Mashup.mp3 in Resources */,
				BEDA63362D662A5900E3109D /* Luis_Fonsi_Despacito.mp3 in Resources */,
				BEDA63372D662A5900E3109D /* Assets.xcassets in Resources */,
				BEDA63382D662A5900E3109D /* Main.storyboard in Resources */,
				BEDA63392D662A5900E3109D /* MusicListCell.xib in Resources */,
				BEDA633B2D662A5900E3109D /* LaunchScreen.storyboard in Resources */,
			);
			runOnlyForDeploymentPostprocessing = 0;
		};
		BEFA841C2CBD573100AE301E /* Resources */ = {
			isa = PBXResourcesBuildPhase;
			buildActionMask = 2147483647;
			files = (
			);
			runOnlyForDeploymentPostprocessing = 0;
		};
		BEFA84262CBD573100AE301E /* Resources */ = {
			isa = PBXResourcesBuildPhase;
			buildActionMask = 2147483647;
			files = (
			);
			runOnlyForDeploymentPostprocessing = 0;
		};
/* End PBXResourcesBuildPhase section */

/* Begin PBXSourcesBuildPhase section */
		BEFA84012CBD572F00AE301E /* Sources */ = {
			isa = PBXSourcesBuildPhase;
			buildActionMask = 2147483647;
			files = (
				BEDA632B2D662A5900E3109D /* AppDelegate.swift in Sources */,
				BEDA632C2D662A5900E3109D /* SceneDelegate.swift in Sources */,
				BEDA632D2D662A5900E3109D /* AudioManager.swift in Sources */,
				BEDA632E2D662A5900E3109D /* PlayerController.swift in Sources */,
				BEDA632F2D662A5900E3109D /* ViewController.swift in Sources */,
				BEDA63302D662A5900E3109D /* songInfo.swift in Sources */,
				BEDA63312D662A5900E3109D /* MusicListCell.swift in Sources */,
				BEDA63322D662A5900E3109D /* Music_Player.xcdatamodeld in Sources */,
			);
			runOnlyForDeploymentPostprocessing = 0;
		};
		BEFA841A2CBD573100AE301E /* Sources */ = {
			isa = PBXSourcesBuildPhase;
			buildActionMask = 2147483647;
			files = (
			);
			runOnlyForDeploymentPostprocessing = 0;
		};
		BEFA84242CBD573100AE301E /* Sources */ = {
			isa = PBXSourcesBuildPhase;
			buildActionMask = 2147483647;
			files = (
			);
			runOnlyForDeploymentPostprocessing = 0;
		};
/* End PBXSourcesBuildPhase section */

/* Begin PBXTargetDependency section */
		BEFA84202CBD573100AE301E /* PBXTargetDependency */ = {
			isa = PBXTargetDependency;
			target = BEFA84042CBD572F00AE301E /* Music_Player */;
			targetProxy = BEFA841F2CBD573100AE301E /* PBXContainerItemProxy */;
		};
		BEFA842A2CBD573100AE301E /* PBXTargetDependency */ = {
			isa = PBXTargetDependency;
			target = BEFA84042CBD572F00AE301E /* Music_Player */;
			targetProxy = BEFA84292CBD573100AE301E /* PBXContainerItemProxy */;
		};
/* End PBXTargetDependency section */

/* Begin PBXVariantGroup section */
		BEDA63202D662A5900E3109D /* Main.storyboard */ = {
			isa = PBXVariantGroup;
			children = (
				BEDA631F2D662A5900E3109D /* Base */,
			);
			name = Main.storyboard;
			sourceTree = "<group>";
		};
		BEDA63272D662A5900E3109D /* LaunchScreen.storyboard */ = {
			isa = PBXVariantGroup;
			children = (
				BEDA63262D662A5900E3109D /* Base */,
			);
			name = LaunchScreen.storyboard;
			sourceTree = "<group>";
		};
/* End PBXVariantGroup section */

/* Begin XCBuildConfiguration section */
		BEFA84322CBD573100AE301E /* Debug */ = {
			isa = XCBuildConfiguration;
			buildSettings = {
				ASSETCATALOG_COMPILER_APPICON_NAME = AppIcon;
				ASSETCATALOG_COMPILER_GLOBAL_ACCENT_COLOR_NAME = AccentColor;
				CODE_SIGN_STYLE = Automatic;
				CURRENT_PROJECT_VERSION = 1;
				GENERATE_INFOPLIST_FILE = YES;
				INFOPLIST_FILE = Music_Player/Info.plist;
				INFOPLIST_KEY_UIApplicationSupportsIndirectInputEvents = YES;
				INFOPLIST_KEY_UILaunchStoryboardName = LaunchScreen;
				INFOPLIST_KEY_UIMainStoryboardFile = Main;
				INFOPLIST_KEY_UISupportedInterfaceOrientations_iPad = "UIInterfaceOrientationPortrait UIInterfaceOrientationPortraitUpsideDown UIInterfaceOrientationLandscapeLeft UIInterfaceOrientationLandscapeRight";
				INFOPLIST_KEY_UISupportedInterfaceOrientations_iPhone = "UIInterfaceOrientationPortrait UIInterfaceOrientationLandscapeLeft UIInterfaceOrientationLandscapeRight";
				LD_RUNPATH_SEARCH_PATHS = (
					"$(inherited)",
					"@executable_path/Frameworks",
				);
				MARKETING_VERSION = 1.0;
				PRODUCT_BUNDLE_IDENTIFIER = "thirdcode.Music-Player";
				PRODUCT_NAME = "$(TARGET_NAME)";
				SWIFT_EMIT_LOC_STRINGS = YES;
				SWIFT_VERSION = 5.0;
				TARGETED_DEVICE_FAMILY = "1,2";
			};
			name = Debug;
		};
		BEFA84332CBD573100AE301E /* Release */ = {
			isa = XCBuildConfiguration;
			buildSettings = {
				ASSETCATALOG_COMPILER_APPICON_NAME = AppIcon;
				ASSETCATALOG_COMPILER_GLOBAL_ACCENT_COLOR_NAME = AccentColor;
				CODE_SIGN_STYLE = Automatic;
				CURRENT_PROJECT_VERSION = 1;
				GENERATE_INFOPLIST_FILE = YES;
				INFOPLIST_FILE = Music_Player/Info.plist;
				INFOPLIST_KEY_UIApplicationSupportsIndirectInputEvents = YES;
				INFOPLIST_KEY_UILaunchStoryboardName = LaunchScreen;
				INFOPLIST_KEY_UIMainStoryboardFile = Main;
				INFOPLIST_KEY_UISupportedInterfaceOrientations_iPad = "UIInterfaceOrientationPortrait UIInterfaceOrientationPortraitUpsideDown UIInterfaceOrientationLandscapeLeft UIInterfaceOrientationLandscapeRight";
				INFOPLIST_KEY_UISupportedInterfaceOrientations_iPhone = "UIInterfaceOrientationPortrait UIInterfaceOrientationLandscapeLeft UIInterfaceOrientationLandscapeRight";
				LD_RUNPATH_SEARCH_PATHS = (
					"$(inherited)",
					"@executable_path/Frameworks",
				);
				MARKETING_VERSION = 1.0;
				PRODUCT_BUNDLE_IDENTIFIER = "thirdcode.Music-Player";
				PRODUCT_NAME = "$(TARGET_NAME)";
				SWIFT_EMIT_LOC_STRINGS = YES;
				SWIFT_VERSION = 5.0;
				TARGETED_DEVICE_FAMILY = "1,2";
			};
			name = Release;
		};
		BEFA84342CBD573100AE301E /* Debug */ = {
			isa = XCBuildConfiguration;
			buildSettings = {
				ALWAYS_SEARCH_USER_PATHS = NO;
				ASSETCATALOG_COMPILER_GENERATE_SWIFT_ASSET_SYMBOL_EXTENSIONS = YES;
				CLANG_ANALYZER_NONNULL = YES;
				CLANG_ANALYZER_NUMBER_OBJECT_CONVERSION = YES_AGGRESSIVE;
				CLANG_CXX_LANGUAGE_STANDARD = "gnu++20";
				CLANG_ENABLE_MODULES = YES;
				CLANG_ENABLE_OBJC_ARC = YES;
				CLANG_ENABLE_OBJC_WEAK = YES;
				CLANG_WARN_BLOCK_CAPTURE_AUTORELEASING = YES;
				CLANG_WARN_BOOL_CONVERSION = YES;
				CLANG_WARN_COMMA = YES;
				CLANG_WARN_CONSTANT_CONVERSION = YES;
				CLANG_WARN_DEPRECATED_OBJC_IMPLEMENTATIONS = YES;
				CLANG_WARN_DIRECT_OBJC_ISA_USAGE = YES_ERROR;
				CLANG_WARN_DOCUMENTATION_COMMENTS = YES;
				CLANG_WARN_EMPTY_BODY = YES;
				CLANG_WARN_ENUM_CONVERSION = YES;
				CLANG_WARN_INFINITE_RECURSION = YES;
				CLANG_WARN_INT_CONVERSION = YES;
				CLANG_WARN_NON_LITERAL_NULL_CONVERSION = YES;
				CLANG_WARN_OBJC_IMPLICIT_RETAIN_SELF = YES;
				CLANG_WARN_OBJC_LITERAL_CONVERSION = YES;
				CLANG_WARN_OBJC_ROOT_CLASS = YES_ERROR;
				CLANG_WARN_QUOTED_INCLUDE_IN_FRAMEWORK_HEADER = YES;
				CLANG_WARN_RANGE_LOOP_ANALYSIS = YES;
				CLANG_WARN_STRICT_PROTOTYPES = YES;
				CLANG_WARN_SUSPICIOUS_MOVE = YES;
				CLANG_WARN_UNGUARDED_AVAILABILITY = YES_AGGRESSIVE;
				CLANG_WARN_UNREACHABLE_CODE = YES;
				CLANG_WARN__DUPLICATE_METHOD_MATCH = YES;
				COPY_PHASE_STRIP = NO;
				DEBUG_INFORMATION_FORMAT = dwarf;
				ENABLE_STRICT_OBJC_MSGSEND = YES;
				ENABLE_TESTABILITY = YES;
				ENABLE_USER_SCRIPT_SANDBOXING = YES;
				GCC_C_LANGUAGE_STANDARD = gnu17;
				GCC_DYNAMIC_NO_PIC = NO;
				GCC_NO_COMMON_BLOCKS = YES;
				GCC_OPTIMIZATION_LEVEL = 0;
				GCC_PREPROCESSOR_DEFINITIONS = (
					"DEBUG=1",
					"$(inherited)",
				);
				GCC_WARN_64_TO_32_BIT_CONVERSION = YES;
				GCC_WARN_ABOUT_RETURN_TYPE = YES_ERROR;
				GCC_WARN_UNDECLARED_SELECTOR = YES;
				GCC_WARN_UNINITIALIZED_AUTOS = YES_AGGRESSIVE;
				GCC_WARN_UNUSED_FUNCTION = YES;
				GCC_WARN_UNUSED_VARIABLE = YES;
				IPHONEOS_DEPLOYMENT_TARGET = 18.0;
				LOCALIZATION_PREFERS_STRING_CATALOGS = YES;
				MTL_ENABLE_DEBUG_INFO = INCLUDE_SOURCE;
				MTL_FAST_MATH = YES;
				ONLY_ACTIVE_ARCH = YES;
				SDKROOT = iphoneos;
				SWIFT_ACTIVE_COMPILATION_CONDITIONS = "DEBUG $(inherited)";
				SWIFT_OPTIMIZATION_LEVEL = "-Onone";
			};
			name = Debug;
		};
		BEFA84352CBD573100AE301E /* Release */ = {
			isa = XCBuildConfiguration;
			buildSettings = {
				ALWAYS_SEARCH_USER_PATHS = NO;
				ASSETCATALOG_COMPILER_GENERATE_SWIFT_ASSET_SYMBOL_EXTENSIONS = YES;
				CLANG_ANALYZER_NONNULL = YES;
				CLANG_ANALYZER_NUMBER_OBJECT_CONVERSION = YES_AGGRESSIVE;
				CLANG_CXX_LANGUAGE_STANDARD = "gnu++20";
				CLANG_ENABLE_MODULES = YES;
				CLANG_ENABLE_OBJC_ARC = YES;
				CLANG_ENABLE_OBJC_WEAK = YES;
				CLANG_WARN_BLOCK_CAPTURE_AUTORELEASING = YES;
				CLANG_WARN_BOOL_CONVERSION = YES;
				CLANG_WARN_COMMA = YES;
				CLANG_WARN_CONSTANT_CONVERSION = YES;
				CLANG_WARN_DEPRECATED_OBJC_IMPLEMENTATIONS = YES;
				CLANG_WARN_DIRECT_OBJC_ISA_USAGE = YES_ERROR;
				CLANG_WARN_DOCUMENTATION_COMMENTS = YES;
				CLANG_WARN_EMPTY_BODY = YES;
				CLANG_WARN_ENUM_CONVERSION = YES;
				CLANG_WARN_INFINITE_RECURSION = YES;
				CLANG_WARN_INT_CONVERSION = YES;
				CLANG_WARN_NON_LITERAL_NULL_CONVERSION = YES;
				CLANG_WARN_OBJC_IMPLICIT_RETAIN_SELF = YES;
				CLANG_WARN_OBJC_LITERAL_CONVERSION = YES;
				CLANG_WARN_OBJC_ROOT_CLASS = YES_ERROR;
				CLANG_WARN_QUOTED_INCLUDE_IN_FRAMEWORK_HEADER = YES;
				CLANG_WARN_RANGE_LOOP_ANALYSIS = YES;
				CLANG_WARN_STRICT_PROTOTYPES = YES;
				CLANG_WARN_SUSPICIOUS_MOVE = YES;
				CLANG_WARN_UNGUARDED_AVAILABILITY = YES_AGGRESSIVE;
				CLANG_WARN_UNREACHABLE_CODE = YES;
				CLANG_WARN__DUPLICATE_METHOD_MATCH = YES;
				COPY_PHASE_STRIP = NO;
				DEBUG_INFORMATION_FORMAT = "dwarf-with-dsym";
				ENABLE_NS_ASSERTIONS = NO;
				ENABLE_STRICT_OBJC_MSGSEND = YES;
				ENABLE_USER_SCRIPT_SANDBOXING = YES;
				GCC_C_LANGUAGE_STANDARD = gnu17;
				GCC_NO_COMMON_BLOCKS = YES;
				GCC_WARN_64_TO_32_BIT_CONVERSION = YES;
				GCC_WARN_ABOUT_RETURN_TYPE = YES_ERROR;
				GCC_WARN_UNDECLARED_SELECTOR = YES;
				GCC_WARN_UNINITIALIZED_AUTOS = YES_AGGRESSIVE;
				GCC_WARN_UNUSED_FUNCTION = YES;
				GCC_WARN_UNUSED_VARIABLE = YES;
				IPHONEOS_DEPLOYMENT_TARGET = 18.0;
				LOCALIZATION_PREFERS_STRING_CATALOGS = YES;
				MTL_ENABLE_DEBUG_INFO = NO;
				MTL_FAST_MATH = YES;
				SDKROOT = iphoneos;
				SWIFT_COMPILATION_MODE = wholemodule;
				VALIDATE_PRODUCT = YES;
			};
			name = Release;
		};
		BEFA84372CBD573100AE301E /* Debug */ = {
			isa = XCBuildConfiguration;
			buildSettings = {
				BUNDLE_LOADER = "$(TEST_HOST)";
				CODE_SIGN_STYLE = Automatic;
				CURRENT_PROJECT_VERSION = 1;
				GENERATE_INFOPLIST_FILE = YES;
				IPHONEOS_DEPLOYMENT_TARGET = 18.0;
				MARKETING_VERSION = 1.0;
				PRODUCT_BUNDLE_IDENTIFIER = "thirdcode.Music-PlayerTests";
				PRODUCT_NAME = "$(TARGET_NAME)";
				SWIFT_EMIT_LOC_STRINGS = NO;
				SWIFT_VERSION = 5.0;
				TARGETED_DEVICE_FAMILY = "1,2";
				TEST_HOST = "$(BUILT_PRODUCTS_DIR)/Music_Player.app/$(BUNDLE_EXECUTABLE_FOLDER_PATH)/Music_Player";
			};
			name = Debug;
		};
		BEFA84382CBD573100AE301E /* Release */ = {
			isa = XCBuildConfiguration;
			buildSettings = {
				BUNDLE_LOADER = "$(TEST_HOST)";
				CODE_SIGN_STYLE = Automatic;
				CURRENT_PROJECT_VERSION = 1;
				GENERATE_INFOPLIST_FILE = YES;
				IPHONEOS_DEPLOYMENT_TARGET = 18.0;
				MARKETING_VERSION = 1.0;
				PRODUCT_BUNDLE_IDENTIFIER = "thirdcode.Music-PlayerTests";
				PRODUCT_NAME = "$(TARGET_NAME)";
				SWIFT_EMIT_LOC_STRINGS = NO;
				SWIFT_VERSION = 5.0;
				TARGETED_DEVICE_FAMILY = "1,2";
				TEST_HOST = "$(BUILT_PRODUCTS_DIR)/Music_Player.app/$(BUNDLE_EXECUTABLE_FOLDER_PATH)/Music_Player";
			};
			name = Release;
		};
		BEFA843A2CBD573100AE301E /* Debug */ = {
			isa = XCBuildConfiguration;
			buildSettings = {
				CODE_SIGN_STYLE = Automatic;
				CURRENT_PROJECT_VERSION = 1;
				GENERATE_INFOPLIST_FILE = YES;
				MARKETING_VERSION = 1.0;
				PRODUCT_BUNDLE_IDENTIFIER = "thirdcode.Music-PlayerUITests";
				PRODUCT_NAME = "$(TARGET_NAME)";
				SWIFT_EMIT_LOC_STRINGS = NO;
				SWIFT_VERSION = 5.0;
				TARGETED_DEVICE_FAMILY = "1,2";
				TEST_TARGET_NAME = Music_Player;
			};
			name = Debug;
		};
		BEFA843B2CBD573100AE301E /* Release */ = {
			isa = XCBuildConfiguration;
			buildSettings = {
				CODE_SIGN_STYLE = Automatic;
				CURRENT_PROJECT_VERSION = 1;
				GENERATE_INFOPLIST_FILE = YES;
				MARKETING_VERSION = 1.0;
				PRODUCT_BUNDLE_IDENTIFIER = "thirdcode.Music-PlayerUITests";
				PRODUCT_NAME = "$(TARGET_NAME)";
				SWIFT_EMIT_LOC_STRINGS = NO;
				SWIFT_VERSION = 5.0;
				TARGETED_DEVICE_FAMILY = "1,2";
				TEST_TARGET_NAME = Music_Player;
			};
			name = Release;
		};
/* End XCBuildConfiguration section */

/* Begin XCConfigurationList section */
		BEFA84002CBD572F00AE301E /* Build configuration list for PBXProject "Music_Player" */ = {
			isa = XCConfigurationList;
			buildConfigurations = (
				BEFA84342CBD573100AE301E /* Debug */,
				BEFA84352CBD573100AE301E /* Release */,
			);
			defaultConfigurationIsVisible = 0;
			defaultConfigurationName = Release;
		};
		BEFA84312CBD573100AE301E /* Build configuration list for PBXNativeTarget "Music_Player" */ = {
			isa = XCConfigurationList;
			buildConfigurations = (
				BEFA84322CBD573100AE301E /* Debug */,
				BEFA84332CBD573100AE301E /* Release */,
			);
			defaultConfigurationIsVisible = 0;
			defaultConfigurationName = Release;
		};
		BEFA84362CBD573100AE301E /* Build configuration list for PBXNativeTarget "Music_PlayerTests" */ = {
			isa = XCConfigurationList;
			buildConfigurations = (
				BEFA84372CBD573100AE301E /* Debug */,
				BEFA84382CBD573100AE301E /* Release */,
			);
			defaultConfigurationIsVisible = 0;
			defaultConfigurationName = Release;
		};
		BEFA84392CBD573100AE301E /* Build configuration list for PBXNativeTarget "Music_PlayerUITests" */ = {
			isa = XCConfigurationList;
			buildConfigurations = (
				BEFA843A2CBD573100AE301E /* Debug */,
				BEFA843B2CBD573100AE301E /* Release */,
			);
			defaultConfigurationIsVisible = 0;
			defaultConfigurationName = Release;
		};
/* End XCConfigurationList section */

/* Begin XCVersionGroup section */
		BEDA63282D662A5900E3109D /* Music_Player.xcdatamodeld */ = {
			isa = XCVersionGroup;
			children = (
				BEDA632A2D662A5900E3109D /* Music_Player.xcdatamodel */,
			);
			currentVersion = BEDA632A2D662A5900E3109D /* Music_Player.xcdatamodel */;
			path = Music_Player.xcdatamodeld;
			sourceTree = "<group>";
			versionGroupType = wrapper.xcdatamodel;
		};
/* End XCVersionGroup section */
	};
	rootObject = BEFA83FD2CBD572F00AE301E /* Project object */;
}
